// !$*UTF8*$!
{
	archiveVersion = 1;
	classes = {
	};
	objectVersion = 56;
	objects = {

/* Begin PBXBuildFile section */
		D3D804592A6516410017152A /* AppDelegate.swift in Sources */ = {isa = PBXBuildFile; fileRef = D3D804582A6516410017152A /* AppDelegate.swift */; };
		D3D8045B2A6516410017152A /* SceneDelegate.swift in Sources */ = {isa = PBXBuildFile; fileRef = D3D8045A2A6516410017152A /* SceneDelegate.swift */; };
		D3D804602A6516410017152A /* Main.storyboard in Resources */ = {isa = PBXBuildFile; fileRef = D3D8045E2A6516410017152A /* Main.storyboard */; };
		D3D804622A6516420017152A /* Assets.xcassets in Resources */ = {isa = PBXBuildFile; fileRef = D3D804612A6516420017152A /* Assets.xcassets */; };
		D3D804652A6516420017152A /* LaunchScreen.storyboard in Resources */ = {isa = PBXBuildFile; fileRef = D3D804632A6516420017152A /* LaunchScreen.storyboard */; };
		D3D804702A6516430017152A /* NewspaperDemoAppTests.swift in Sources */ = {isa = PBXBuildFile; fileRef = D3D8046F2A6516430017152A /* NewspaperDemoAppTests.swift */; };
		D3D8047A2A6516430017152A /* NewspaperDemoAppUITests.swift in Sources */ = {isa = PBXBuildFile; fileRef = D3D804792A6516430017152A /* NewspaperDemoAppUITests.swift */; };
		D3D8047C2A6516430017152A /* NewspaperDemoAppUITestsLaunchTests.swift in Sources */ = {isa = PBXBuildFile; fileRef = D3D8047B2A6516430017152A /* NewspaperDemoAppUITestsLaunchTests.swift */; };
		D3D8048C2A651C840017152A /* BackgroundViewController.swift in Sources */ = {isa = PBXBuildFile; fileRef = D3D8048B2A651C840017152A /* BackgroundViewController.swift */; };
		D3D8048E2A6520C40017152A /* RegisterViewController.swift in Sources */ = {isa = PBXBuildFile; fileRef = D3D8048D2A6520C40017152A /* RegisterViewController.swift */; };
		D3D804922A6521D80017152A /* ExtensionBackgroundColor.swift in Sources */ = {isa = PBXBuildFile; fileRef = D3D804912A6521D80017152A /* ExtensionBackgroundColor.swift */; };
/* End PBXBuildFile section */

/* Begin PBXContainerItemProxy section */
		D3D8046C2A6516430017152A /* PBXContainerItemProxy */ = {
			isa = PBXContainerItemProxy;
			containerPortal = D3D8044D2A6516410017152A /* Project object */;
			proxyType = 1;
			remoteGlobalIDString = D3D804542A6516410017152A;
			remoteInfo = NewspaperDemoApp;
		};
		D3D804762A6516430017152A /* PBXContainerItemProxy */ = {
			isa = PBXContainerItemProxy;
			containerPortal = D3D8044D2A6516410017152A /* Project object */;
			proxyType = 1;
			remoteGlobalIDString = D3D804542A6516410017152A;
			remoteInfo = NewspaperDemoApp;
		};
/* End PBXContainerItemProxy section */

/* Begin PBXFileReference section */
		D3D804552A6516410017152A /* NewspaperDemoApp.app */ = {isa = PBXFileReference; explicitFileType = wrapper.application; includeInIndex = 0; path = NewspaperDemoApp.app; sourceTree = BUILT_PRODUCTS_DIR; };
		D3D804582A6516410017152A /* AppDelegate.swift */ = {isa = PBXFileReference; lastKnownFileType = sourcecode.swift; path = AppDelegate.swift; sourceTree = "<group>"; };
		D3D8045A2A6516410017152A /* SceneDelegate.swift */ = {isa = PBXFileReference; lastKnownFileType = sourcecode.swift; path = SceneDelegate.swift; sourceTree = "<group>"; };
		D3D8045F2A6516410017152A /* Base */ = {isa = PBXFileReference; lastKnownFileType = file.storyboard; name = Base; path = Base.lproj/Main.storyboard; sourceTree = "<group>"; };
		D3D804612A6516420017152A /* Assets.xcassets */ = {isa = PBXFileReference; lastKnownFileType = folder.assetcatalog; path = Assets.xcassets; sourceTree = "<group>"; };
		D3D804642A6516420017152A /* Base */ = {isa = PBXFileReference; lastKnownFileType = file.storyboard; name = Base; path = Base.lproj/LaunchScreen.storyboard; sourceTree = "<group>"; };
		D3D804662A6516420017152A /* Info.plist */ = {isa = PBXFileReference; lastKnownFileType = text.plist.xml; path = Info.plist; sourceTree = "<group>"; };
		D3D8046B2A6516430017152A /* NewspaperDemoAppTests.xctest */ = {isa = PBXFileReference; explicitFileType = wrapper.cfbundle; includeInIndex = 0; path = NewspaperDemoAppTests.xctest; sourceTree = BUILT_PRODUCTS_DIR; };
		D3D8046F2A6516430017152A /* NewspaperDemoAppTests.swift */ = {isa = PBXFileReference; lastKnownFileType = sourcecode.swift; path = NewspaperDemoAppTests.swift; sourceTree = "<group>"; };
		D3D804752A6516430017152A /* NewspaperDemoAppUITests.xctest */ = {isa = PBXFileReference; explicitFileType = wrapper.cfbundle; includeInIndex = 0; path = NewspaperDemoAppUITests.xctest; sourceTree = BUILT_PRODUCTS_DIR; };
		D3D804792A6516430017152A /* NewspaperDemoAppUITests.swift */ = {isa = PBXFileReference; lastKnownFileType = sourcecode.swift; path = NewspaperDemoAppUITests.swift; sourceTree = "<group>"; };
		D3D8047B2A6516430017152A /* NewspaperDemoAppUITestsLaunchTests.swift */ = {isa = PBXFileReference; lastKnownFileType = sourcecode.swift; path = NewspaperDemoAppUITestsLaunchTests.swift; sourceTree = "<group>"; };
		D3D8048B2A651C840017152A /* BackgroundViewController.swift */ = {isa = PBXFileReference; lastKnownFileType = sourcecode.swift; path = BackgroundViewController.swift; sourceTree = "<group>"; };
		D3D8048D2A6520C40017152A /* RegisterViewController.swift */ = {isa = PBXFileReference; lastKnownFileType = sourcecode.swift; path = RegisterViewController.swift; sourceTree = "<group>"; };
		D3D804912A6521D80017152A /* ExtensionBackgroundColor.swift */ = {isa = PBXFileReference; lastKnownFileType = sourcecode.swift; path = ExtensionBackgroundColor.swift; sourceTree = "<group>"; };
/* End PBXFileReference section */

/* Begin PBXFrameworksBuildPhase section */
		D3D804522A6516410017152A /* Frameworks */ = {
			isa = PBXFrameworksBuildPhase;
			buildActionMask = 2147483647;
			files = (
			);
			runOnlyForDeploymentPostprocessing = 0;
		};
		D3D804682A6516430017152A /* Frameworks */ = {
			isa = PBXFrameworksBuildPhase;
			buildActionMask = 2147483647;
			files = (
			);
			runOnlyForDeploymentPostprocessing = 0;
		};
		D3D804722A6516430017152A /* Frameworks */ = {
			isa = PBXFrameworksBuildPhase;
			buildActionMask = 2147483647;
			files = (
			);
			runOnlyForDeploymentPostprocessing = 0;
		};
/* End PBXFrameworksBuildPhase section */

/* Begin PBXGroup section */
		D3D8044C2A6516410017152A = {
			isa = PBXGroup;
			children = (
				D3D8048A2A651C210017152A /* ViewController */,
				D3D804892A651C1B0017152A /* View */,
				D3D804882A651C110017152A /* Model */,
				D3D804572A6516410017152A /* NewspaperDemoApp */,
				D3D8046E2A6516430017152A /* NewspaperDemoAppTests */,
				D3D804782A6516430017152A /* NewspaperDemoAppUITests */,
				D3D804562A6516410017152A /* Products */,
			);
			sourceTree = "<group>";
		};
		D3D804562A6516410017152A /* Products */ = {
			isa = PBXGroup;
			children = (
				D3D804552A6516410017152A /* NewspaperDemoApp.app */,
				D3D8046B2A6516430017152A /* NewspaperDemoAppTests.xctest */,
				D3D804752A6516430017152A /* NewspaperDemoAppUITests.xctest */,
			);
			name = Products;
			sourceTree = "<group>";
		};
		D3D804572A6516410017152A /* NewspaperDemoApp */ = {
			isa = PBXGroup;
			children = (
				D3D804582A6516410017152A /* AppDelegate.swift */,
				D3D8045A2A6516410017152A /* SceneDelegate.swift */,
				D3D8045E2A6516410017152A /* Main.storyboard */,
				D3D804612A6516420017152A /* Assets.xcassets */,
				D3D804632A6516420017152A /* LaunchScreen.storyboard */,
				D3D804662A6516420017152A /* Info.plist */,
			);
			path = NewspaperDemoApp;
			sourceTree = "<group>";
		};
		D3D8046E2A6516430017152A /* NewspaperDemoAppTests */ = {
			isa = PBXGroup;
			children = (
				D3D8046F2A6516430017152A /* NewspaperDemoAppTests.swift */,
			);
			path = NewspaperDemoAppTests;
			sourceTree = "<group>";
		};
		D3D804782A6516430017152A /* NewspaperDemoAppUITests */ = {
			isa = PBXGroup;
			children = (
				D3D804792A6516430017152A /* NewspaperDemoAppUITests.swift */,
				D3D8047B2A6516430017152A /* NewspaperDemoAppUITestsLaunchTests.swift */,
			);
			path = NewspaperDemoAppUITests;
			sourceTree = "<group>";
		};
		D3D804882A651C110017152A /* Model */ = {
			isa = PBXGroup;
			children = (
			);
			path = Model;
			sourceTree = "<group>";
		};
		D3D804892A651C1B0017152A /* View */ = {
			isa = PBXGroup;
			children = (
				D3D804912A6521D80017152A /* ExtensionBackgroundColor.swift */,
			);
			path = View;
			sourceTree = "<group>";
		};
		D3D8048A2A651C210017152A /* ViewController */ = {
			isa = PBXGroup;
			children = (
				D3D8048B2A651C840017152A /* BackgroundViewController.swift */,
				D3D8048D2A6520C40017152A /* RegisterViewController.swift */,
			);
			path = ViewController;
			sourceTree = "<group>";
		};
/* End PBXGroup section */

/* Begin PBXNativeTarget section */
		D3D804542A6516410017152A /* NewspaperDemoApp */ = {
			isa = PBXNativeTarget;
			buildConfigurationList = D3D8047F2A6516430017152A /* Build configuration list for PBXNativeTarget "NewspaperDemoApp" */;
			buildPhases = (
				D3D804512A6516410017152A /* Sources */,
				D3D804522A6516410017152A /* Frameworks */,
				D3D804532A6516410017152A /* Resources */,
			);
			buildRules = (
			);
			dependencies = (
			);
			name = NewspaperDemoApp;
			productName = NewspaperDemoApp;
			productReference = D3D804552A6516410017152A /* NewspaperDemoApp.app */;
			productType = "com.apple.product-type.application";
		};
		D3D8046A2A6516430017152A /* NewspaperDemoAppTests */ = {
			isa = PBXNativeTarget;
			buildConfigurationList = D3D804822A6516430017152A /* Build configuration list for PBXNativeTarget "NewspaperDemoAppTests" */;
			buildPhases = (
				D3D804672A6516430017152A /* Sources */,
				D3D804682A6516430017152A /* Frameworks */,
				D3D804692A6516430017152A /* Resources */,
			);
			buildRules = (
			);
			dependencies = (
				D3D8046D2A6516430017152A /* PBXTargetDependency */,
			);
			name = NewspaperDemoAppTests;
			productName = NewspaperDemoAppTests;
			productReference = D3D8046B2A6516430017152A /* NewspaperDemoAppTests.xctest */;
			productType = "com.apple.product-type.bundle.unit-test";
		};
		D3D804742A6516430017152A /* NewspaperDemoAppUITests */ = {
			isa = PBXNativeTarget;
			buildConfigurationList = D3D804852A6516430017152A /* Build configuration list for PBXNativeTarget "NewspaperDemoAppUITests" */;
			buildPhases = (
				D3D804712A6516430017152A /* Sources */,
				D3D804722A6516430017152A /* Frameworks */,
				D3D804732A6516430017152A /* Resources */,
			);
			buildRules = (
			);
			dependencies = (
				D3D804772A6516430017152A /* PBXTargetDependency */,
			);
			name = NewspaperDemoAppUITests;
			productName = NewspaperDemoAppUITests;
			productReference = D3D804752A6516430017152A /* NewspaperDemoAppUITests.xctest */;
			productType = "com.apple.product-type.bundle.ui-testing";
		};
/* End PBXNativeTarget section */

/* Begin PBXProject section */
		D3D8044D2A6516410017152A /* Project object */ = {
			isa = PBXProject;
			attributes = {
				BuildIndependentTargetsInParallel = 1;
				LastSwiftUpdateCheck = 1430;
				LastUpgradeCheck = 1430;
				TargetAttributes = {
					D3D804542A6516410017152A = {
						CreatedOnToolsVersion = 14.3.1;
					};
					D3D8046A2A6516430017152A = {
						CreatedOnToolsVersion = 14.3.1;
						TestTargetID = D3D804542A6516410017152A;
					};
					D3D804742A6516430017152A = {
						CreatedOnToolsVersion = 14.3.1;
						TestTargetID = D3D804542A6516410017152A;
					};
				};
			};
			buildConfigurationList = D3D804502A6516410017152A /* Build configuration list for PBXProject "NewspaperDemoApp" */;
			compatibilityVersion = "Xcode 14.0";
			developmentRegion = en;
			hasScannedForEncodings = 0;
			knownRegions = (
				en,
				Base,
			);
			mainGroup = D3D8044C2A6516410017152A;
			productRefGroup = D3D804562A6516410017152A /* Products */;
			projectDirPath = "";
			projectRoot = "";
			targets = (
				D3D804542A6516410017152A /* NewspaperDemoApp */,
				D3D8046A2A6516430017152A /* NewspaperDemoAppTests */,
				D3D804742A6516430017152A /* NewspaperDemoAppUITests */,
			);
		};
/* End PBXProject section */

/* Begin PBXResourcesBuildPhase section */
		D3D804532A6516410017152A /* Resources */ = {
			isa = PBXResourcesBuildPhase;
			buildActionMask = 2147483647;
			files = (
				D3D804652A6516420017152A /* LaunchScreen.storyboard in Resources */,
				D3D804622A6516420017152A /* Assets.xcassets in Resources */,
				D3D804602A6516410017152A /* Main.storyboard in Resources */,
			);
			runOnlyForDeploymentPostprocessing = 0;
		};
		D3D804692A6516430017152A /* Resources */ = {
			isa = PBXResourcesBuildPhase;
			buildActionMask = 2147483647;
			files = (
			);
			runOnlyForDeploymentPostprocessing = 0;
		};
		D3D804732A6516430017152A /* Resources */ = {
			isa = PBXResourcesBuildPhase;
			buildActionMask = 2147483647;
			files = (
			);
			runOnlyForDeploymentPostprocessing = 0;
		};
/* End PBXResourcesBuildPhase section */

/* Begin PBXSourcesBuildPhase section */
		D3D804512A6516410017152A /* Sources */ = {
			isa = PBXSourcesBuildPhase;
			buildActionMask = 2147483647;
			files = (
				D3D8048C2A651C840017152A /* BackgroundViewController.swift in Sources */,
				D3D804592A6516410017152A /* AppDelegate.swift in Sources */,
				D3D804922A6521D80017152A /* ExtensionBackgroundColor.swift in Sources */,
				D3D8045B2A6516410017152A /* SceneDelegate.swift in Sources */,
				D3D8048E2A6520C40017152A /* RegisterViewController.swift in Sources */,
			);
			runOnlyForDeploymentPostprocessing = 0;
		};
		D3D804672A6516430017152A /* Sources */ = {
			isa = PBXSourcesBuildPhase;
			buildActionMask = 2147483647;
			files = (
				D3D804702A6516430017152A /* NewspaperDemoAppTests.swift in Sources */,
			);
			runOnlyForDeploymentPostprocessing = 0;
		};
		D3D804712A6516430017152A /* Sources */ = {
			isa = PBXSourcesBuildPhase;
			buildActionMask = 2147483647;
			files = (
				D3D8047A2A6516430017152A /* NewspaperDemoAppUITests.swift in Sources */,
				D3D8047C2A6516430017152A /* NewspaperDemoAppUITestsLaunchTests.swift in Sources */,
			);
			runOnlyForDeploymentPostprocessing = 0;
		};
/* End PBXSourcesBuildPhase section */

/* Begin PBXTargetDependency section */
		D3D8046D2A6516430017152A /* PBXTargetDependency */ = {
			isa = PBXTargetDependency;
			target = D3D804542A6516410017152A /* NewspaperDemoApp */;
			targetProxy = D3D8046C2A6516430017152A /* PBXContainerItemProxy */;
		};
		D3D804772A6516430017152A /* PBXTargetDependency */ = {
			isa = PBXTargetDependency;
			target = D3D804542A6516410017152A /* NewspaperDemoApp */;
			targetProxy = D3D804762A6516430017152A /* PBXContainerItemProxy */;
		};
/* End PBXTargetDependency section */

/* Begin PBXVariantGroup section */
		D3D8045E2A6516410017152A /* Main.storyboard */ = {
			isa = PBXVariantGroup;
			children = (
				D3D8045F2A6516410017152A /* Base */,
			);
			name = Main.storyboard;
			sourceTree = "<group>";
		};
		D3D804632A6516420017152A /* LaunchScreen.storyboard */ = {
			isa = PBXVariantGroup;
			children = (
				D3D804642A6516420017152A /* Base */,
			);
			name = LaunchScreen.storyboard;
			sourceTree = "<group>";
		};
/* End PBXVariantGroup section */

/* Begin XCBuildConfiguration section */
		D3D8047D2A6516430017152A /* Debug */ = {
			isa = XCBuildConfiguration;
			buildSettings = {
				ALWAYS_SEARCH_USER_PATHS = NO;
				CLANG_ANALYZER_NONNULL = YES;
				CLANG_ANALYZER_NUMBER_OBJECT_CONVERSION = YES_AGGRESSIVE;
				CLANG_CXX_LANGUAGE_STANDARD = "gnu++20";
				CLANG_ENABLE_MODULES = YES;
				CLANG_ENABLE_OBJC_ARC = YES;
				CLANG_ENABLE_OBJC_WEAK = YES;
				CLANG_WARN_BLOCK_CAPTURE_AUTORELEASING = YES;
				CLANG_WARN_BOOL_CONVERSION = YES;
				CLANG_WARN_COMMA = YES;
				CLANG_WARN_CONSTANT_CONVERSION = YES;
				CLANG_WARN_DEPRECATED_OBJC_IMPLEMENTATIONS = YES;
				CLANG_WARN_DIRECT_OBJC_ISA_USAGE = YES_ERROR;
				CLANG_WARN_DOCUMENTATION_COMMENTS = YES;
				CLANG_WARN_EMPTY_BODY = YES;
				CLANG_WARN_ENUM_CONVERSION = YES;
				CLANG_WARN_INFINITE_RECURSION = YES;
				CLANG_WARN_INT_CONVERSION = YES;
				CLANG_WARN_NON_LITERAL_NULL_CONVERSION = YES;
				CLANG_WARN_OBJC_IMPLICIT_RETAIN_SELF = YES;
				CLANG_WARN_OBJC_LITERAL_CONVERSION = YES;
				CLANG_WARN_OBJC_ROOT_CLASS = YES_ERROR;
				CLANG_WARN_QUOTED_INCLUDE_IN_FRAMEWORK_HEADER = YES;
				CLANG_WARN_RANGE_LOOP_ANALYSIS = YES;
				CLANG_WARN_STRICT_PROTOTYPES = YES;
				CLANG_WARN_SUSPICIOUS_MOVE = YES;
				CLANG_WARN_UNGUARDED_AVAILABILITY = YES_AGGRESSIVE;
				CLANG_WARN_UNREACHABLE_CODE = YES;
				CLANG_WARN__DUPLICATE_METHOD_MATCH = YES;
				COPY_PHASE_STRIP = NO;
				DEBUG_INFORMATION_FORMAT = dwarf;
				ENABLE_STRICT_OBJC_MSGSEND = YES;
				ENABLE_TESTABILITY = YES;
				GCC_C_LANGUAGE_STANDARD = gnu11;
				GCC_DYNAMIC_NO_PIC = NO;
				GCC_NO_COMMON_BLOCKS = YES;
				GCC_OPTIMIZATION_LEVEL = 0;
				GCC_PREPROCESSOR_DEFINITIONS = (
					"DEBUG=1",
					"$(inherited)",
				);
				GCC_WARN_64_TO_32_BIT_CONVERSION = YES;
				GCC_WARN_ABOUT_RETURN_TYPE = YES_ERROR;
				GCC_WARN_UNDECLARED_SELECTOR = YES;
				GCC_WARN_UNINITIALIZED_AUTOS = YES_AGGRESSIVE;
				GCC_WARN_UNUSED_FUNCTION = YES;
				GCC_WARN_UNUSED_VARIABLE = YES;
				IPHONEOS_DEPLOYMENT_TARGET = 16.4;
				MTL_ENABLE_DEBUG_INFO = INCLUDE_SOURCE;
				MTL_FAST_MATH = YES;
				ONLY_ACTIVE_ARCH = YES;
				SDKROOT = iphoneos;
				SWIFT_ACTIVE_COMPILATION_CONDITIONS = DEBUG;
				SWIFT_OPTIMIZATION_LEVEL = "-Onone";
			};
			name = Debug;
		};
		D3D8047E2A6516430017152A /* Release */ = {
			isa = XCBuildConfiguration;
			buildSettings = {
				ALWAYS_SEARCH_USER_PATHS = NO;
				CLANG_ANALYZER_NONNULL = YES;
				CLANG_ANALYZER_NUMBER_OBJECT_CONVERSION = YES_AGGRESSIVE;
				CLANG_CXX_LANGUAGE_STANDARD = "gnu++20";
				CLANG_ENABLE_MODULES = YES;
				CLANG_ENABLE_OBJC_ARC = YES;
				CLANG_ENABLE_OBJC_WEAK = YES;
				CLANG_WARN_BLOCK_CAPTURE_AUTORELEASING = YES;
				CLANG_WARN_BOOL_CONVERSION = YES;
				CLANG_WARN_COMMA = YES;
				CLANG_WARN_CONSTANT_CONVERSION = YES;
				CLANG_WARN_DEPRECATED_OBJC_IMPLEMENTATIONS = YES;
				CLANG_WARN_DIRECT_OBJC_ISA_USAGE = YES_ERROR;
				CLANG_WARN_DOCUMENTATION_COMMENTS = YES;
				CLANG_WARN_EMPTY_BODY = YES;
				CLANG_WARN_ENUM_CONVERSION = YES;
				CLANG_WARN_INFINITE_RECURSION = YES;
				CLANG_WARN_INT_CONVERSION = YES;
				CLANG_WARN_NON_LITERAL_NULL_CONVERSION = YES;
				CLANG_WARN_OBJC_IMPLICIT_RETAIN_SELF = YES;
				CLANG_WARN_OBJC_LITERAL_CONVERSION = YES;
				CLANG_WARN_OBJC_ROOT_CLASS = YES_ERROR;
				CLANG_WARN_QUOTED_INCLUDE_IN_FRAMEWORK_HEADER = YES;
				CLANG_WARN_RANGE_LOOP_ANALYSIS = YES;
				CLANG_WARN_STRICT_PROTOTYPES = YES;
				CLANG_WARN_SUSPICIOUS_MOVE = YES;
				CLANG_WARN_UNGUARDED_AVAILABILITY = YES_AGGRESSIVE;
				CLANG_WARN_UNREACHABLE_CODE = YES;
				CLANG_WARN__DUPLICATE_METHOD_MATCH = YES;
				COPY_PHASE_STRIP = NO;
				DEBUG_INFORMATION_FORMAT = "dwarf-with-dsym";
				ENABLE_NS_ASSERTIONS = NO;
				ENABLE_STRICT_OBJC_MSGSEND = YES;
				GCC_C_LANGUAGE_STANDARD = gnu11;
				GCC_NO_COMMON_BLOCKS = YES;
				GCC_WARN_64_TO_32_BIT_CONVERSION = YES;
				GCC_WARN_ABOUT_RETURN_TYPE = YES_ERROR;
				GCC_WARN_UNDECLARED_SELECTOR = YES;
				GCC_WARN_UNINITIALIZED_AUTOS = YES_AGGRESSIVE;
				GCC_WARN_UNUSED_FUNCTION = YES;
				GCC_WARN_UNUSED_VARIABLE = YES;
				IPHONEOS_DEPLOYMENT_TARGET = 16.4;
				MTL_ENABLE_DEBUG_INFO = NO;
				MTL_FAST_MATH = YES;
				SDKROOT = iphoneos;
				SWIFT_COMPILATION_MODE = wholemodule;
				SWIFT_OPTIMIZATION_LEVEL = "-O";
				VALIDATE_PRODUCT = YES;
			};
			name = Release;
		};
		D3D804802A6516430017152A /* Debug */ = {
			isa = XCBuildConfiguration;
			buildSettings = {
				ASSETCATALOG_COMPILER_APPICON_NAME = AppIcon;
				ASSETCATALOG_COMPILER_GLOBAL_ACCENT_COLOR_NAME = AccentColor;
				CODE_SIGN_STYLE = Automatic;
				CURRENT_PROJECT_VERSION = 1;
				GENERATE_INFOPLIST_FILE = YES;
				INFOPLIST_FILE = NewspaperDemoApp/Info.plist;
				INFOPLIST_KEY_UIApplicationSupportsIndirectInputEvents = YES;
				INFOPLIST_KEY_UILaunchStoryboardName = LaunchScreen;
				INFOPLIST_KEY_UIMainStoryboardFile = Main;
				INFOPLIST_KEY_UISupportedInterfaceOrientations_iPad = "UIInterfaceOrientationPortrait UIInterfaceOrientationPortraitUpsideDown UIInterfaceOrientationLandscapeLeft UIInterfaceOrientationLandscapeRight";
				INFOPLIST_KEY_UISupportedInterfaceOrientations_iPhone = "UIInterfaceOrientationPortrait UIInterfaceOrientationLandscapeLeft UIInterfaceOrientationLandscapeRight";
				LD_RUNPATH_SEARCH_PATHS = (
					"$(inherited)",
					"@executable_path/Frameworks",
				);
				MARKETING_VERSION = 1.0;
				PRODUCT_BUNDLE_IDENTIFIER = com.linhmanhng.NewspaperDemoApp;
				PRODUCT_NAME = "$(TARGET_NAME)";
				SWIFT_EMIT_LOC_STRINGS = YES;
				SWIFT_VERSION = 5.0;
				TARGETED_DEVICE_FAMILY = "1,2";
			};
			name = Debug;
		};
		D3D804812A6516430017152A /* Release */ = {
			isa = XCBuildConfiguration;
			buildSettings = {
				ASSETCATALOG_COMPILER_APPICON_NAME = AppIcon;
				ASSETCATALOG_COMPILER_GLOBAL_ACCENT_COLOR_NAME = AccentColor;
				CODE_SIGN_STYLE = Automatic;
				CURRENT_PROJECT_VERSION = 1;
				GENERATE_INFOPLIST_FILE = YES;
				INFOPLIST_FILE = NewspaperDemoApp/Info.plist;
				INFOPLIST_KEY_UIApplicationSupportsIndirectInputEvents = YES;
				INFOPLIST_KEY_UILaunchStoryboardName = LaunchScreen;
				INFOPLIST_KEY_UIMainStoryboardFile = Main;
				INFOPLIST_KEY_UISupportedInterfaceOrientations_iPad = "UIInterfaceOrientationPortrait UIInterfaceOrientationPortraitUpsideDown UIInterfaceOrientationLandscapeLeft UIInterfaceOrientationLandscapeRight";
				INFOPLIST_KEY_UISupportedInterfaceOrientations_iPhone = "UIInterfaceOrientationPortrait UIInterfaceOrientationLandscapeLeft UIInterfaceOrientationLandscapeRight";
				LD_RUNPATH_SEARCH_PATHS = (
					"$(inherited)",
					"@executable_path/Frameworks",
				);
				MARKETING_VERSION = 1.0;
				PRODUCT_BUNDLE_IDENTIFIER = com.linhmanhng.NewspaperDemoApp;
				PRODUCT_NAME = "$(TARGET_NAME)";
				SWIFT_EMIT_LOC_STRINGS = YES;
				SWIFT_VERSION = 5.0;
				TARGETED_DEVICE_FAMILY = "1,2";
			};
			name = Release;
		};
		D3D804832A6516430017152A /* Debug */ = {
			isa = XCBuildConfiguration;
			buildSettings = {
				ALWAYS_EMBED_SWIFT_STANDARD_LIBRARIES = YES;
				BUNDLE_LOADER = "$(TEST_HOST)";
				CODE_SIGN_STYLE = Automatic;
				CURRENT_PROJECT_VERSION = 1;
				GENERATE_INFOPLIST_FILE = YES;
				IPHONEOS_DEPLOYMENT_TARGET = 16.4;
				MARKETING_VERSION = 1.0;
				PRODUCT_BUNDLE_IDENTIFIER = com.linhmanhng.NewspaperDemoAppTests;
				PRODUCT_NAME = "$(TARGET_NAME)";
				SWIFT_EMIT_LOC_STRINGS = NO;
				SWIFT_VERSION = 5.0;
				TARGETED_DEVICE_FAMILY = "1,2";
				TEST_HOST = "$(BUILT_PRODUCTS_DIR)/NewspaperDemoApp.app/$(BUNDLE_EXECUTABLE_FOLDER_PATH)/NewspaperDemoApp";
			};
			name = Debug;
		};
		D3D804842A6516430017152A /* Release */ = {
			isa = XCBuildConfiguration;
			buildSettings = {
				ALWAYS_EMBED_SWIFT_STANDARD_LIBRARIES = YES;
				BUNDLE_LOADER = "$(TEST_HOST)";
				CODE_SIGN_STYLE = Automatic;
				CURRENT_PROJECT_VERSION = 1;
				GENERATE_INFOPLIST_FILE = YES;
				IPHONEOS_DEPLOYMENT_TARGET = 16.4;
				MARKETING_VERSION = 1.0;
				PRODUCT_BUNDLE_IDENTIFIER = com.linhmanhng.NewspaperDemoAppTests;
				PRODUCT_NAME = "$(TARGET_NAME)";
				SWIFT_EMIT_LOC_STRINGS = NO;
				SWIFT_VERSION = 5.0;
				TARGETED_DEVICE_FAMILY = "1,2";
				TEST_HOST = "$(BUILT_PRODUCTS_DIR)/NewspaperDemoApp.app/$(BUNDLE_EXECUTABLE_FOLDER_PATH)/NewspaperDemoApp";
			};
			name = Release;
		};
		D3D804862A6516430017152A /* Debug */ = {
			isa = XCBuildConfiguration;
			buildSettings = {
				ALWAYS_EMBED_SWIFT_STANDARD_LIBRARIES = YES;
				CODE_SIGN_STYLE = Automatic;
				CURRENT_PROJECT_VERSION = 1;
				GENERATE_INFOPLIST_FILE = YES;
				MARKETING_VERSION = 1.0;
				PRODUCT_BUNDLE_IDENTIFIER = com.linhmanhng.NewspaperDemoAppUITests;
				PRODUCT_NAME = "$(TARGET_NAME)";
				SWIFT_EMIT_LOC_STRINGS = NO;
				SWIFT_VERSION = 5.0;
				TARGETED_DEVICE_FAMILY = "1,2";
				TEST_TARGET_NAME = NewspaperDemoApp;
			};
			name = Debug;
		};
		D3D804872A6516430017152A /* Release */ = {
			isa = XCBuildConfiguration;
			buildSettings = {
				ALWAYS_EMBED_SWIFT_STANDARD_LIBRARIES = YES;
				CODE_SIGN_STYLE = Automatic;
				CURRENT_PROJECT_VERSION = 1;
				GENERATE_INFOPLIST_FILE = YES;
				MARKETING_VERSION = 1.0;
				PRODUCT_BUNDLE_IDENTIFIER = com.linhmanhng.NewspaperDemoAppUITests;
				PRODUCT_NAME = "$(TARGET_NAME)";
				SWIFT_EMIT_LOC_STRINGS = NO;
				SWIFT_VERSION = 5.0;
				TARGETED_DEVICE_FAMILY = "1,2";
				TEST_TARGET_NAME = NewspaperDemoApp;
			};
			name = Release;
		};
/* End XCBuildConfiguration section */

/* Begin XCConfigurationList section */
		D3D804502A6516410017152A /* Build configuration list for PBXProject "NewspaperDemoApp" */ = {
			isa = XCConfigurationList;
			buildConfigurations = (
				D3D8047D2A6516430017152A /* Debug */,
				D3D8047E2A6516430017152A /* Release */,
			);
			defaultConfigurationIsVisible = 0;
			defaultConfigurationName = Release;
		};
		D3D8047F2A6516430017152A /* Build configuration list for PBXNativeTarget "NewspaperDemoApp" */ = {
			isa = XCConfigurationList;
			buildConfigurations = (
				D3D804802A6516430017152A /* Debug */,
				D3D804812A6516430017152A /* Release */,
			);
			defaultConfigurationIsVisible = 0;
			defaultConfigurationName = Release;
		};
		D3D804822A6516430017152A /* Build configuration list for PBXNativeTarget "NewspaperDemoAppTests" */ = {
			isa = XCConfigurationList;
			buildConfigurations = (
				D3D804832A6516430017152A /* Debug */,
				D3D804842A6516430017152A /* Release */,
			);
			defaultConfigurationIsVisible = 0;
			defaultConfigurationName = Release;
		};
		D3D804852A6516430017152A /* Build configuration list for PBXNativeTarget "NewspaperDemoAppUITests" */ = {
			isa = XCConfigurationList;
			buildConfigurations = (
				D3D804862A6516430017152A /* Debug */,
				D3D804872A6516430017152A /* Release */,
			);
			defaultConfigurationIsVisible = 0;
			defaultConfigurationName = Release;
		};
/* End XCConfigurationList section */
	};
	rootObject = D3D8044D2A6516410017152A /* Project object */;
}
